
Microsoft Visual Studio Solution File, Format Version 12.00
# Visual Studio Version 17
VisualStudioVersion = 17.0.31903.59
MinimumVisualStudioVersion = 10.0.40219.1
Project("{2150E333-8FDC-42A3-9474-1A3956D46DE8}") = "Bootstrapper", "Bootstrapper", "{7DC757A6-C87A-413E-8020-FA216A0C07A7}"
EndProject
Project("{9A19103F-16F7-4668-BE54-9A1E7A4F7556}") = "Api", "Bootstrapper\Api\Api.csproj", "{36C0D722-C358-4DF8-91E8-1BF53EB9CA4A}"
EndProject
Project("{2150E333-8FDC-42A3-9474-1A3956D46DE8}") = "Modules", "Modules", "{810608D7-91E4-41F1-B6E8-DD3961F064A5}"
EndProject
Project("{2150E333-8FDC-42A3-9474-1A3956D46DE8}") = "Catalog", "Catalog", "{FD387538-07C0-4F31-B969-B362A7EB86BB}"
EndProject
Project("{9A19103F-16F7-4668-BE54-9A1E7A4F7556}") = "Catalog", "Modules\Catalog\Catalog\Catalog.csproj", "{1FD576F3-5C55-493A-8341-3B6C6D0710D1}"
EndProject
Project("{2150E333-8FDC-42A3-9474-1A3956D46DE8}") = "Basket", "Basket", "{956ECD1B-E935-442E-83A3-89E80024AD9B}"
EndProject
Project("{9A19103F-16F7-4668-BE54-9A1E7A4F7556}") = "Basket", "Modules\Basket\Basket\Basket.csproj", "{BB1C7BEA-27A3-4AA2-B4C9-8191F08C72DB}"
EndProject
Project("{2150E333-8FDC-42A3-9474-1A3956D46DE8}") = "Ordering", "Ordering", "{0F1BD882-41F6-48E7-9A35-7C555A93A144}"
EndProject
Project("{9A19103F-16F7-4668-BE54-9A1E7A4F7556}") = "Ordering", "Modules\Ordering\Ordering\Ordering.csproj", "{F04E6462-BAE2-448A-B4CD-79F51E3D96FD}"
EndProject
Project("{2150E333-8FDC-42A3-9474-1A3956D46DE8}") = "Shared", "Shared", "{D189EFF9-45FB-43EA-9539-4D9F14957032}"
EndProject
Project("{9A19103F-16F7-4668-BE54-9A1E7A4F7556}") = "Shared", "Shared\Shared\Shared.csproj", "{681C0B38-4261-4BDF-ADE2-D4EA1CE4869F}"
EndProject
Project("{E53339B2-1760-4266-BCC7-CA923CBCF16C}") = "docker-compose", "docker-compose.dcproj", "{8EEB782B-7622-4DF3-8EB5-08284DB61652}"
EndProject
Global
	GlobalSection(SolutionConfigurationPlatforms) = preSolution
		Debug|Any CPU = Debug|Any CPU
		Release|Any CPU = Release|Any CPU
	EndGlobalSection
	GlobalSection(ProjectConfigurationPlatforms) = postSolution
		{36C0D722-C358-4DF8-91E8-1BF53EB9CA4A}.Debug|Any CPU.ActiveCfg = Debug|Any CPU
		{36C0D722-C358-4DF8-91E8-1BF53EB9CA4A}.Debug|Any CPU.Build.0 = Debug|Any CPU
		{36C0D722-C358-4DF8-91E8-1BF53EB9CA4A}.Release|Any CPU.ActiveCfg = Release|Any CPU
		{36C0D722-C358-4DF8-91E8-1BF53EB9CA4A}.Release|Any CPU.Build.0 = Release|Any CPU
		{1FD576F3-5C55-493A-8341-3B6C6D0710D1}.Debug|Any CPU.ActiveCfg = Debug|Any CPU
		{1FD576F3-5C55-493A-8341-3B6C6D0710D1}.Debug|Any CPU.Build.0 = Debug|Any CPU
		{1FD576F3-5C55-493A-8341-3B6C6D0710D1}.Release|Any CPU.ActiveCfg = Release|Any CPU
		{1FD576F3-5C55-493A-8341-3B6C6D0710D1}.Release|Any CPU.Build.0 = Release|Any CPU
		{BB1C7BEA-27A3-4AA2-B4C9-8191F08C72DB}.Debug|Any CPU.ActiveCfg = Debug|Any CPU
		{BB1C7BEA-27A3-4AA2-B4C9-8191F08C72DB}.Debug|Any CPU.Build.0 = Debug|Any CPU
		{BB1C7BEA-27A3-4AA2-B4C9-8191F08C72DB}.Release|Any CPU.ActiveCfg = Release|Any CPU
		{BB1C7BEA-27A3-4AA2-B4C9-8191F08C72DB}.Release|Any CPU.Build.0 = Release|Any CPU
		{F04E6462-BAE2-448A-B4CD-79F51E3D96FD}.Debug|Any CPU.ActiveCfg = Debug|Any CPU
		{F04E6462-BAE2-448A-B4CD-79F51E3D96FD}.Debug|Any CPU.Build.0 = Debug|Any CPU
		{F04E6462-BAE2-448A-B4CD-79F51E3D96FD}.Release|Any CPU.ActiveCfg = Release|Any CPU
		{F04E6462-BAE2-448A-B4CD-79F51E3D96FD}.Release|Any CPU.Build.0 = Release|Any CPU
		{681C0B38-4261-4BDF-ADE2-D4EA1CE4869F}.Debug|Any CPU.ActiveCfg = Debug|Any CPU
		{681C0B38-4261-4BDF-ADE2-D4EA1CE4869F}.Debug|Any CPU.Build.0 = Debug|Any CPU
		{681C0B38-4261-4BDF-ADE2-D4EA1CE4869F}.Release|Any CPU.ActiveCfg = Release|Any CPU
		{681C0B38-4261-4BDF-ADE2-D4EA1CE4869F}.Release|Any CPU.Build.0 = Release|Any CPU
		{8EEB782B-7622-4DF3-8EB5-08284DB61652}.Debug|Any CPU.ActiveCfg = Debug|Any CPU
		{8EEB782B-7622-4DF3-8EB5-08284DB61652}.Debug|Any CPU.Build.0 = Debug|Any CPU
		{8EEB782B-7622-4DF3-8EB5-08284DB61652}.Release|Any CPU.ActiveCfg = Release|Any CPU
		{8EEB782B-7622-4DF3-8EB5-08284DB61652}.Release|Any CPU.Build.0 = Release|Any CPU
	EndGlobalSection
	GlobalSection(SolutionProperties) = preSolution
		HideSolutionNode = FALSE
	EndGlobalSection
	GlobalSection(NestedProjects) = preSolution
		{36C0D722-C358-4DF8-91E8-1BF53EB9CA4A} = {7DC757A6-C87A-413E-8020-FA216A0C07A7}
		{FD387538-07C0-4F31-B969-B362A7EB86BB} = {810608D7-91E4-41F1-B6E8-DD3961F064A5}
		{1FD576F3-5C55-493A-8341-3B6C6D0710D1} = {FD387538-07C0-4F31-B969-B362A7EB86BB}
		{956ECD1B-E935-442E-83A3-89E80024AD9B} = {810608D7-91E4-41F1-B6E8-DD3961F064A5}
		{BB1C7BEA-27A3-4AA2-B4C9-8191F08C72DB} = {956ECD1B-E935-442E-83A3-89E80024AD9B}
		{0F1BD882-41F6-48E7-9A35-7C555A93A144} = {810608D7-91E4-41F1-B6E8-DD3961F064A5}
		{F04E6462-BAE2-448A-B4CD-79F51E3D96FD} = {0F1BD882-41F6-48E7-9A35-7C555A93A144}
		{681C0B38-4261-4BDF-ADE2-D4EA1CE4869F} = {D189EFF9-45FB-43EA-9539-4D9F14957032}
	EndGlobalSection
EndGlobal
